
Microsoft Visual Studio Solution File, Format Version 12.00
# Visual Studio Version 16
VisualStudioVersion = 16.0.29613.14
MinimumVisualStudioVersion = 10.0.40219.1
Project("{9A19103F-16F7-4668-BE54-9A1E7A4F7556}") = "ScreenSearchApi", "ScreenSearchApi.csproj", "{22DDD0E1-22A1-4A64-8A32-3A2B830F26EB}"
EndProject
Project("{FAE04EC0-301F-11D3-BF4B-00C04F79EFBC}") = "ScreenTest", "..\ScreenTest\ScreenTest.csproj", "{76AF2DCF-64DB-4B24-B6EC-E80655E0BCA0}"
EndProject
Global
	GlobalSection(SolutionConfigurationPlatforms) = preSolution
		Debug|Any CPU = Debug|Any CPU
		Release|Any CPU = Release|Any CPU
	EndGlobalSection
	GlobalSection(ProjectConfigurationPlatforms) = postSolution
		{22DDD0E1-22A1-4A64-8A32-3A2B830F26EB}.Debug|Any CPU.ActiveCfg = Debug|Any CPU
		{22DDD0E1-22A1-4A64-8A32-3A2B830F26EB}.Debug|Any CPU.Build.0 = Debug|Any CPU
		{22DDD0E1-22A1-4A64-8A32-3A2B830F26EB}.Release|Any CPU.ActiveCfg = Release|Any CPU
		{22DDD0E1-22A1-4A64-8A32-3A2B830F26EB}.Release|Any CPU.Build.0 = Release|Any CPU
		{76AF2DCF-64DB-4B24-B6EC-E80655E0BCA0}.Debug|Any CPU.ActiveCfg = Debug|Any CPU
		{76AF2DCF-64DB-4B24-B6EC-E80655E0BCA0}.Debug|Any CPU.Build.0 = Debug|Any CPU
		{76AF2DCF-64DB-4B24-B6EC-E80655E0BCA0}.Release|Any CPU.ActiveCfg = Release|Any CPU
		{76AF2DCF-64DB-4B24-B6EC-E80655E0BCA0}.Release|Any CPU.Build.0 = Release|Any CPU
	EndGlobalSection
	GlobalSection(SolutionProperties) = preSolution
		HideSolutionNode = FALSE
	EndGlobalSection
	GlobalSection(ExtensibilityGlobals) = postSolution
		SolutionGuid = {AD337071-0791-42DF-B3B3-9E05649E386D}
	EndGlobalSection
EndGlobal
